// !$*UTF8*$!
{
	archiveVersion = 1;
	classes = {
	};
	objectVersion = 46;
	objects = {

/* Begin PBXBuildFile section */
		BB9C76931BC4D07700F39587 /* AppDelegate.swift in Sources */ = {isa = PBXBuildFile; fileRef = BB9C76921BC4D07700F39587 /* AppDelegate.swift */; };
		BB9C76951BC4D07700F39587 /* MainViewController.swift in Sources */ = {isa = PBXBuildFile; fileRef = BB9C76941BC4D07700F39587 /* MainViewController.swift */; };
		BB9C76981BC4D07700F39587 /* Main.storyboard in Resources */ = {isa = PBXBuildFile; fileRef = BB9C76961BC4D07700F39587 /* Main.storyboard */; };
		BB9C769A1BC4D07700F39587 /* Assets.xcassets in Resources */ = {isa = PBXBuildFile; fileRef = BB9C76991BC4D07700F39587 /* Assets.xcassets */; };
		BB9C769D1BC4D07700F39587 /* LaunchScreen.storyboard in Resources */ = {isa = PBXBuildFile; fileRef = BB9C769B1BC4D07700F39587 /* LaunchScreen.storyboard */; };
		BB9C770B1BC519CB00F39587 /* Alamofire.framework in Frameworks */ = {isa = PBXBuildFile; fileRef = BB9C77021BC519BB00F39587 /* Alamofire.framework */; };
		BB9C770C1BC519CB00F39587 /* Alamofire.framework in Embed Frameworks */ = {isa = PBXBuildFile; fileRef = BB9C77021BC519BB00F39587 /* Alamofire.framework */; settings = {ATTRIBUTES = (CodeSignOnCopy, RemoveHeadersOnCopy, ); }; };
		BBC9C0851BDD374C000BB9F9 /* SwiftyJSON.swift in Sources */ = {isa = PBXBuildFile; fileRef = BBC9C0841BDD374C000BB9F9 /* SwiftyJSON.swift */; settings = {ASSET_TAGS = (); }; };
		BBC9C0901BDD3801000BB9F9 /* MainTableViewControl.swift in Sources */ = {isa = PBXBuildFile; fileRef = BBC9C0871BDD3801000BB9F9 /* MainTableViewControl.swift */; settings = {ASSET_TAGS = (); }; };
		BBC9C0911BDD3801000BB9F9 /* MainViewController.swift in Sources */ = {isa = PBXBuildFile; fileRef = BBC9C0881BDD3801000BB9F9 /* MainViewController.swift */; settings = {ASSET_TAGS = (); }; };
		BBC9C0921BDD3801000BB9F9 /* MenuViewController.swift in Sources */ = {isa = PBXBuildFile; fileRef = BBC9C0891BDD3801000BB9F9 /* MenuViewController.swift */; settings = {ASSET_TAGS = (); }; };
		BBC9C0931BDD3801000BB9F9 /* AppDelegate.swift in Sources */ = {isa = PBXBuildFile; fileRef = BBC9C08C1BDD3801000BB9F9 /* AppDelegate.swift */; settings = {ASSET_TAGS = (); }; };
		BBC9C0941BDD3801000BB9F9 /* DUBIConfig.swift in Sources */ = {isa = PBXBuildFile; fileRef = BBC9C08D1BDD3801000BB9F9 /* DUBIConfig.swift */; settings = {ASSET_TAGS = (); }; };
		BBC9C0951BDD3801000BB9F9 /* Info.plist in Resources */ = {isa = PBXBuildFile; fileRef = BBC9C08E1BDD3801000BB9F9 /* Info.plist */; settings = {ASSET_TAGS = (); }; };
/* End PBXBuildFile section */

/* Begin PBXContainerItemProxy section */
		BB9C77011BC519BB00F39587 /* PBXContainerItemProxy */ = {
			isa = PBXContainerItemProxy;
			containerPortal = BB9C76F91BC519BB00F39587 /* Alamofire.xcodeproj */;
			proxyType = 2;
			remoteGlobalIDString = F8111E3319A95C8B0040E7D1;
			remoteInfo = "Alamofire iOS";
		};
		BB9C77031BC519BB00F39587 /* PBXContainerItemProxy */ = {
			isa = PBXContainerItemProxy;
			containerPortal = BB9C76F91BC519BB00F39587 /* Alamofire.xcodeproj */;
			proxyType = 2;
			remoteGlobalIDString = 4DD67C0B1A5C55C900ED2280;
			remoteInfo = "Alamofire OSX";
		};
		BB9C77051BC519BB00F39587 /* PBXContainerItemProxy */ = {
			isa = PBXContainerItemProxy;
			containerPortal = BB9C76F91BC519BB00F39587 /* Alamofire.xcodeproj */;
			proxyType = 2;
			remoteGlobalIDString = E4202FE01B667AA100C997FB;
			remoteInfo = "Alamofire watchOS";
		};
		BB9C77071BC519BB00F39587 /* PBXContainerItemProxy */ = {
			isa = PBXContainerItemProxy;
			containerPortal = BB9C76F91BC519BB00F39587 /* Alamofire.xcodeproj */;
			proxyType = 2;
			remoteGlobalIDString = F8111E3E19A95C8B0040E7D1;
			remoteInfo = "Alamofire iOS Tests";
		};
		BB9C77091BC519BB00F39587 /* PBXContainerItemProxy */ = {
			isa = PBXContainerItemProxy;
			containerPortal = BB9C76F91BC519BB00F39587 /* Alamofire.xcodeproj */;
			proxyType = 2;
			remoteGlobalIDString = F829C6B21A7A94F100A2CD59;
			remoteInfo = "Alamofire OSX Tests";
		};
		BB9C770D1BC519CB00F39587 /* PBXContainerItemProxy */ = {
			isa = PBXContainerItemProxy;
			containerPortal = BB9C76F91BC519BB00F39587 /* Alamofire.xcodeproj */;
			proxyType = 1;
			remoteGlobalIDString = F8111E3219A95C8B0040E7D1;
			remoteInfo = "Alamofire iOS";
		};
/* End PBXContainerItemProxy section */

/* Begin PBXCopyFilesBuildPhase section */
		BB9C76DA1BC516D700F39587 /* Embed Frameworks */ = {
			isa = PBXCopyFilesBuildPhase;
			buildActionMask = 2147483647;
			dstPath = "";
			dstSubfolderSpec = 10;
			files = (
				BB9C770C1BC519CB00F39587 /* Alamofire.framework in Embed Frameworks */,
			);
			name = "Embed Frameworks";
			runOnlyForDeploymentPostprocessing = 0;
		};
/* End PBXCopyFilesBuildPhase section */

/* Begin PBXFileReference section */
		BB9C768F1BC4D07700F39587 /* DUBI.FM.app */ = {isa = PBXFileReference; explicitFileType = wrapper.application; includeInIndex = 0; path = DUBI.FM.app; sourceTree = BUILT_PRODUCTS_DIR; };
		BB9C76921BC4D07700F39587 /* AppDelegate.swift */ = {isa = PBXFileReference; lastKnownFileType = sourcecode.swift; path = AppDelegate.swift; sourceTree = "<group>"; };
		BB9C76941BC4D07700F39587 /* MainViewController.swift */ = {isa = PBXFileReference; lastKnownFileType = sourcecode.swift; path = MainViewController.swift; sourceTree = "<group>"; };
		BB9C76971BC4D07700F39587 /* Base */ = {isa = PBXFileReference; lastKnownFileType = file.storyboard; name = Base; path = Base.lproj/Main.storyboard; sourceTree = "<group>"; };
		BB9C76991BC4D07700F39587 /* Assets.xcassets */ = {isa = PBXFileReference; lastKnownFileType = folder.assetcatalog; path = Assets.xcassets; sourceTree = "<group>"; };
		BB9C769C1BC4D07700F39587 /* Base */ = {isa = PBXFileReference; lastKnownFileType = file.storyboard; name = Base; path = Base.lproj/LaunchScreen.storyboard; sourceTree = "<group>"; };
		BB9C769E1BC4D07700F39587 /* Info.plist */ = {isa = PBXFileReference; lastKnownFileType = text.plist.xml; path = Info.plist; sourceTree = "<group>"; };
		BB9C76F91BC519BB00F39587 /* Alamofire.xcodeproj */ = {isa = PBXFileReference; lastKnownFileType = "wrapper.pb-project"; path = Alamofire.xcodeproj; sourceTree = "<group>"; };
		BBC9C0831BDD374C000BB9F9 /* SwiftyJSON.h */ = {isa = PBXFileReference; fileEncoding = 4; lastKnownFileType = sourcecode.c.h; path = SwiftyJSON.h; sourceTree = "<group>"; };
		BBC9C0841BDD374C000BB9F9 /* SwiftyJSON.swift */ = {isa = PBXFileReference; fileEncoding = 4; lastKnownFileType = sourcecode.swift; path = SwiftyJSON.swift; sourceTree = "<group>"; };
		BBC9C0871BDD3801000BB9F9 /* MainTableViewControl.swift */ = {isa = PBXFileReference; fileEncoding = 4; lastKnownFileType = sourcecode.swift; path = MainTableViewControl.swift; sourceTree = "<group>"; };
		BBC9C0881BDD3801000BB9F9 /* MainViewController.swift */ = {isa = PBXFileReference; fileEncoding = 4; lastKnownFileType = sourcecode.swift; path = MainViewController.swift; sourceTree = "<group>"; };
		BBC9C0891BDD3801000BB9F9 /* MenuViewController.swift */ = {isa = PBXFileReference; fileEncoding = 4; lastKnownFileType = sourcecode.swift; path = MenuViewController.swift; sourceTree = "<group>"; };
		BBC9C08C1BDD3801000BB9F9 /* AppDelegate.swift */ = {isa = PBXFileReference; fileEncoding = 4; lastKnownFileType = sourcecode.swift; path = AppDelegate.swift; sourceTree = "<group>"; };
		BBC9C08D1BDD3801000BB9F9 /* DUBIConfig.swift */ = {isa = PBXFileReference; fileEncoding = 4; lastKnownFileType = sourcecode.swift; path = DUBIConfig.swift; sourceTree = "<group>"; };
		BBC9C08E1BDD3801000BB9F9 /* Info.plist */ = {isa = PBXFileReference; fileEncoding = 4; lastKnownFileType = text.plist.xml; path = Info.plist; sourceTree = "<group>"; };
/* End PBXFileReference section */

/* Begin PBXFrameworksBuildPhase section */
		BB9C768C1BC4D07700F39587 /* Frameworks */ = {
			isa = PBXFrameworksBuildPhase;
			buildActionMask = 2147483647;
			files = (
				BB9C770B1BC519CB00F39587 /* Alamofire.framework in Frameworks */,
			);
			runOnlyForDeploymentPostprocessing = 0;
		};
/* End PBXFrameworksBuildPhase section */

/* Begin PBXGroup section */
		BB9C76861BC4D07700F39587 = {
			isa = PBXGroup;
			children = (
				BB9C76911BC4D07700F39587 /* DUBI.FM */,
				BB9C76901BC4D07700F39587 /* Products */,
				BB9C76F91BC519BB00F39587 /* Alamofire.xcodeproj */,
			);
			sourceTree = "<group>";
		};
		BB9C76901BC4D07700F39587 /* Products */ = {
			isa = PBXGroup;
			children = (
				BB9C768F1BC4D07700F39587 /* DUBI.FM.app */,
			);
			name = Products;
			sourceTree = "<group>";
		};
		BB9C76911BC4D07700F39587 /* DUBI.FM */ = {
			isa = PBXGroup;
			children = (
				BBC9C0861BDD3801000BB9F9 /* Controller */,
				BBC9C08A1BDD3801000BB9F9 /* Model */,
				BBC9C08B1BDD3801000BB9F9 /* Other */,
				BBC9C08F1BDD3801000BB9F9 /* View */,
				BBC9C0821BDD374C000BB9F9 /* Libs */,
				BB9C76921BC4D07700F39587 /* AppDelegate.swift */,
				BB9C76941BC4D07700F39587 /* MainViewController.swift */,
				BB9C76961BC4D07700F39587 /* Main.storyboard */,
				BB9C76991BC4D07700F39587 /* Assets.xcassets */,
				BB9C769B1BC4D07700F39587 /* LaunchScreen.storyboard */,
				BB9C769E1BC4D07700F39587 /* Info.plist */,
			);
			path = DUBI.FM;
			sourceTree = "<group>";
		};
		BB9C76FA1BC519BB00F39587 /* Products */ = {
			isa = PBXGroup;
			children = (
				BB9C77021BC519BB00F39587 /* Alamofire.framework */,
				BB9C77041BC519BB00F39587 /* Alamofire.framework */,
				BB9C77061BC519BB00F39587 /* Alamofire.framework */,
				BB9C77081BC519BB00F39587 /* Alamofire iOS Tests.xctest */,
				BB9C770A1BC519BB00F39587 /* Alamofire OSX Tests.xctest */,
			);
			name = Products;
			sourceTree = "<group>";
		};
		BBC9C0821BDD374C000BB9F9 /* Libs */ = {
			isa = PBXGroup;
			children = (
				BBC9C0831BDD374C000BB9F9 /* SwiftyJSON.h */,
				BBC9C0841BDD374C000BB9F9 /* SwiftyJSON.swift */,
			);
			path = Libs;
			sourceTree = "<group>";
		};
		BBC9C0861BDD3801000BB9F9 /* Controller */ = {
			isa = PBXGroup;
			children = (
				BBC9C0871BDD3801000BB9F9 /* MainTableViewControl.swift */,
				BBC9C0881BDD3801000BB9F9 /* MainViewController.swift */,
				BBC9C0891BDD3801000BB9F9 /* MenuViewController.swift */,
			);
			path = Controller;
			sourceTree = "<group>";
		};
		BBC9C08A1BDD3801000BB9F9 /* Model */ = {
			isa = PBXGroup;
			children = (
			);
			path = Model;
			sourceTree = "<group>";
		};
		BBC9C08B1BDD3801000BB9F9 /* Other */ = {
			isa = PBXGroup;
			children = (
				BBC9C08C1BDD3801000BB9F9 /* AppDelegate.swift */,
				BBC9C08D1BDD3801000BB9F9 /* DUBIConfig.swift */,
				BBC9C08E1BDD3801000BB9F9 /* Info.plist */,
			);
			path = Other;
			sourceTree = "<group>";
		};
		BBC9C08F1BDD3801000BB9F9 /* View */ = {
			isa = PBXGroup;
			children = (
			);
			path = View;
			sourceTree = "<group>";
		};
/* End PBXGroup section */

/* Begin PBXNativeTarget section */
		BB9C768E1BC4D07700F39587 /* DUBI.FM */ = {
			isa = PBXNativeTarget;
			buildConfigurationList = BB9C76B71BC4D07800F39587 /* Build configuration list for PBXNativeTarget "DUBI.FM" */;
			buildPhases = (
				BB9C768B1BC4D07700F39587 /* Sources */,
				BB9C768C1BC4D07700F39587 /* Frameworks */,
				BB9C768D1BC4D07700F39587 /* Resources */,
				BB9C76DA1BC516D700F39587 /* Embed Frameworks */,
			);
			buildRules = (
			);
			dependencies = (
				BB9C770E1BC519CB00F39587 /* PBXTargetDependency */,
			);
			name = DUBI.FM;
			productName = DUBI.FM;
			productReference = BB9C768F1BC4D07700F39587 /* DUBI.FM.app */;
			productType = "com.apple.product-type.application";
		};
/* End PBXNativeTarget section */

/* Begin PBXProject section */
		BB9C76871BC4D07700F39587 /* Project object */ = {
			isa = PBXProject;
			attributes = {
				LastSwiftMigration = 0700;
				LastSwiftUpdateCheck = 0700;
				LastUpgradeCheck = 0700;
				ORGANIZATIONNAME = fushenghua;
				TargetAttributes = {
					BB9C768E1BC4D07700F39587 = {
						CreatedOnToolsVersion = 7.0;
						DevelopmentTeam = 5MRWN3FUV8;
					};
				};
			};
			buildConfigurationList = BB9C768A1BC4D07700F39587 /* Build configuration list for PBXProject "DUBI.FM" */;
			compatibilityVersion = "Xcode 3.2";
			developmentRegion = English;
			hasScannedForEncodings = 0;
			knownRegions = (
				en,
				Base,
			);
			mainGroup = BB9C76861BC4D07700F39587;
			productRefGroup = BB9C76901BC4D07700F39587 /* Products */;
			projectDirPath = "";
			projectReferences = (
				{
					ProductGroup = BB9C76FA1BC519BB00F39587 /* Products */;
					ProjectRef = BB9C76F91BC519BB00F39587 /* Alamofire.xcodeproj */;
				},
			);
			projectRoot = "";
			targets = (
				BB9C768E1BC4D07700F39587 /* DUBI.FM */,
			);
		};
/* End PBXProject section */

/* Begin PBXReferenceProxy section */
		BB9C77021BC519BB00F39587 /* Alamofire.framework */ = {
			isa = PBXReferenceProxy;
			fileType = wrapper.framework;
			path = Alamofire.framework;
			remoteRef = BB9C77011BC519BB00F39587 /* PBXContainerItemProxy */;
			sourceTree = BUILT_PRODUCTS_DIR;
		};
		BB9C77041BC519BB00F39587 /* Alamofire.framework */ = {
			isa = PBXReferenceProxy;
			fileType = wrapper.framework;
			path = Alamofire.framework;
			remoteRef = BB9C77031BC519BB00F39587 /* PBXContainerItemProxy */;
			sourceTree = BUILT_PRODUCTS_DIR;
		};
		BB9C77061BC519BB00F39587 /* Alamofire.framework */ = {
			isa = PBXReferenceProxy;
			fileType = wrapper.framework;
			path = Alamofire.framework;
			remoteRef = BB9C77051BC519BB00F39587 /* PBXContainerItemProxy */;
			sourceTree = BUILT_PRODUCTS_DIR;
		};
		BB9C77081BC519BB00F39587 /* Alamofire iOS Tests.xctest */ = {
			isa = PBXReferenceProxy;
			fileType = wrapper.cfbundle;
			path = "Alamofire iOS Tests.xctest";
			remoteRef = BB9C77071BC519BB00F39587 /* PBXContainerItemProxy */;
			sourceTree = BUILT_PRODUCTS_DIR;
		};
		BB9C770A1BC519BB00F39587 /* Alamofire OSX Tests.xctest */ = {
			isa = PBXReferenceProxy;
			fileType = wrapper.cfbundle;
			path = "Alamofire OSX Tests.xctest";
			remoteRef = BB9C77091BC519BB00F39587 /* PBXContainerItemProxy */;
			sourceTree = BUILT_PRODUCTS_DIR;
		};
/* End PBXReferenceProxy section */

/* Begin PBXResourcesBuildPhase section */
		BB9C768D1BC4D07700F39587 /* Resources */ = {
			isa = PBXResourcesBuildPhase;
			buildActionMask = 2147483647;
			files = (
				BBC9C0951BDD3801000BB9F9 /* Info.plist in Resources */,
				BB9C769D1BC4D07700F39587 /* LaunchScreen.storyboard in Resources */,
				BB9C769A1BC4D07700F39587 /* Assets.xcassets in Resources */,
				BB9C76981BC4D07700F39587 /* Main.storyboard in Resources */,
			);
			runOnlyForDeploymentPostprocessing = 0;
		};
/* End PBXResourcesBuildPhase section */

/* Begin PBXSourcesBuildPhase section */
		BB9C768B1BC4D07700F39587 /* Sources */ = {
			isa = PBXSourcesBuildPhase;
			buildActionMask = 2147483647;
			files = (
				BB9C76951BC4D07700F39587 /* MainViewController.swift in Sources */,
				BBC9C0921BDD3801000BB9F9 /* MenuViewController.swift in Sources */,
				BB9C76931BC4D07700F39587 /* AppDelegate.swift in Sources */,
				BBC9C0901BDD3801000BB9F9 /* MainTableViewControl.swift in Sources */,
				BBC9C0931BDD3801000BB9F9 /* AppDelegate.swift in Sources */,
				BBC9C0941BDD3801000BB9F9 /* DUBIConfig.swift in Sources */,
				BBC9C0851BDD374C000BB9F9 /* SwiftyJSON.swift in Sources */,
				BBC9C0911BDD3801000BB9F9 /* MainViewController.swift in Sources */,
			);
			runOnlyForDeploymentPostprocessing = 0;
		};
/* End PBXSourcesBuildPhase section */

/* Begin PBXTargetDependency section */
		BB9C770E1BC519CB00F39587 /* PBXTargetDependency */ = {
			isa = PBXTargetDependency;
			name = "Alamofire iOS";
			targetProxy = BB9C770D1BC519CB00F39587 /* PBXContainerItemProxy */;
		};
/* End PBXTargetDependency section */

/* Begin PBXVariantGroup section */
		BB9C76961BC4D07700F39587 /* Main.storyboard */ = {
			isa = PBXVariantGroup;
			children = (
				BB9C76971BC4D07700F39587 /* Base */,
			);
			name = Main.storyboard;
			sourceTree = "<group>";
		};
		BB9C769B1BC4D07700F39587 /* LaunchScreen.storyboard */ = {
			isa = PBXVariantGroup;
			children = (
				BB9C769C1BC4D07700F39587 /* Base */,
			);
			name = LaunchScreen.storyboard;
			sourceTree = "<group>";
		};
/* End PBXVariantGroup section */

/* Begin XCBuildConfiguration section */
		BB9C76B51BC4D07800F39587 /* Debug */ = {
			isa = XCBuildConfiguration;
			buildSettings = {
				ALWAYS_SEARCH_USER_PATHS = NO;
				CLANG_CXX_LANGUAGE_STANDARD = "gnu++0x";
				CLANG_CXX_LIBRARY = "libc++";
				CLANG_ENABLE_MODULES = YES;
				CLANG_ENABLE_OBJC_ARC = YES;
				CLANG_WARN_BOOL_CONVERSION = YES;
				CLANG_WARN_CONSTANT_CONVERSION = YES;
				CLANG_WARN_DIRECT_OBJC_ISA_USAGE = YES_ERROR;
				CLANG_WARN_EMPTY_BODY = YES;
				CLANG_WARN_ENUM_CONVERSION = YES;
				CLANG_WARN_INT_CONVERSION = YES;
				CLANG_WARN_OBJC_ROOT_CLASS = YES_ERROR;
				CLANG_WARN_UNREACHABLE_CODE = YES;
				CLANG_WARN__DUPLICATE_METHOD_MATCH = YES;
				"CODE_SIGN_IDENTITY[sdk=iphoneos*]" = "iPhone Developer";
				COPY_PHASE_STRIP = NO;
				DEBUG_INFORMATION_FORMAT = dwarf;
				ENABLE_STRICT_OBJC_MSGSEND = YES;
				ENABLE_TESTABILITY = YES;
				GCC_C_LANGUAGE_STANDARD = gnu99;
				GCC_DYNAMIC_NO_PIC = NO;
				GCC_NO_COMMON_BLOCKS = YES;
				GCC_OPTIMIZATION_LEVEL = 0;
				GCC_PREPROCESSOR_DEFINITIONS = (
					"DEBUG=1",
					"$(inherited)",
				);
				GCC_WARN_64_TO_32_BIT_CONVERSION = YES;
				GCC_WARN_ABOUT_RETURN_TYPE = YES_ERROR;
				GCC_WARN_UNDECLARED_SELECTOR = YES;
				GCC_WARN_UNINITIALIZED_AUTOS = YES_AGGRESSIVE;
				GCC_WARN_UNUSED_FUNCTION = YES;
				GCC_WARN_UNUSED_VARIABLE = YES;
				IPHONEOS_DEPLOYMENT_TARGET = 9.0;
				MTL_ENABLE_DEBUG_INFO = YES;
				ONLY_ACTIVE_ARCH = YES;
				SDKROOT = iphoneos;
				SWIFT_OPTIMIZATION_LEVEL = "-Onone";
			};
			name = Debug;
		};
		BB9C76B61BC4D07800F39587 /* Release */ = {
			isa = XCBuildConfiguration;
			buildSettings = {
				ALWAYS_SEARCH_USER_PATHS = NO;
				CLANG_CXX_LANGUAGE_STANDARD = "gnu++0x";
				CLANG_CXX_LIBRARY = "libc++";
				CLANG_ENABLE_MODULES = YES;
				CLANG_ENABLE_OBJC_ARC = YES;
				CLANG_WARN_BOOL_CONVERSION = YES;
				CLANG_WARN_CONSTANT_CONVERSION = YES;
				CLANG_WARN_DIRECT_OBJC_ISA_USAGE = YES_ERROR;
				CLANG_WARN_EMPTY_BODY = YES;
				CLANG_WARN_ENUM_CONVERSION = YES;
				CLANG_WARN_INT_CONVERSION = YES;
				CLANG_WARN_OBJC_ROOT_CLASS = YES_ERROR;
				CLANG_WARN_UNREACHABLE_CODE = YES;
				CLANG_WARN__DUPLICATE_METHOD_MATCH = YES;
				"CODE_SIGN_IDENTITY[sdk=iphoneos*]" = "iPhone Developer";
				COPY_PHASE_STRIP = NO;
				DEBUG_INFORMATION_FORMAT = "dwarf-with-dsym";
				ENABLE_NS_ASSERTIONS = NO;
				ENABLE_STRICT_OBJC_MSGSEND = YES;
				GCC_C_LANGUAGE_STANDARD = gnu99;
				GCC_NO_COMMON_BLOCKS = YES;
				GCC_WARN_64_TO_32_BIT_CONVERSION = YES;
				GCC_WARN_ABOUT_RETURN_TYPE = YES_ERROR;
				GCC_WARN_UNDECLARED_SELECTOR = YES;
				GCC_WARN_UNINITIALIZED_AUTOS = YES_AGGRESSIVE;
				GCC_WARN_UNUSED_FUNCTION = YES;
				GCC_WARN_UNUSED_VARIABLE = YES;
				IPHONEOS_DEPLOYMENT_TARGET = 9.0;
				MTL_ENABLE_DEBUG_INFO = NO;
				SDKROOT = iphoneos;
				VALIDATE_PRODUCT = YES;
			};
			name = Release;
		};
		BB9C76B81BC4D07800F39587 /* Debug */ = {
			isa = XCBuildConfiguration;
			buildSettings = {
				ASSETCATALOG_COMPILER_APPICON_NAME = AppIcon;
				CODE_SIGN_IDENTITY = "iPhone Developer";
				"CODE_SIGN_IDENTITY[sdk=iphoneos*]" = "iPhone Developer";
				EMBEDDED_CONTENT_CONTAINS_SWIFT = YES;
				INFOPLIST_FILE = DUBI.FM/Info.plist;
				LD_RUNPATH_SEARCH_PATHS = "$(inherited) @executable_path/Frameworks";
				PRODUCT_BUNDLE_IDENTIFIER = com.rtmap.dubi;
				PRODUCT_NAME = "$(TARGET_NAME)";
				PROVISIONING_PROFILE = "";
			};
			name = Debug;
		};
		BB9C76B91BC4D07800F39587 /* Release */ = {
			isa = XCBuildConfiguration;
			buildSettings = {
				ASSETCATALOG_COMPILER_APPICON_NAME = AppIcon;
				CODE_SIGN_IDENTITY = "iPhone Developer";
				"CODE_SIGN_IDENTITY[sdk=iphoneos*]" = "iPhone Developer";
				EMBEDDED_CONTENT_CONTAINS_SWIFT = YES;
				INFOPLIST_FILE = DUBI.FM/Info.plist;
				LD_RUNPATH_SEARCH_PATHS = "$(inherited) @executable_path/Frameworks";
				PRODUCT_BUNDLE_IDENTIFIER = com.rtmap.dubi;
				PRODUCT_NAME = "$(TARGET_NAME)";
				PROVISIONING_PROFILE = "";
			};
			name = Release;
		};
/* End XCBuildConfiguration section */

/* Begin XCConfigurationList section */
		BB9C768A1BC4D07700F39587 /* Build configuration list for PBXProject "DUBI.FM" */ = {
			isa = XCConfigurationList;
			buildConfigurations = (
				BB9C76B51BC4D07800F39587 /* Debug */,
				BB9C76B61BC4D07800F39587 /* Release */,
			);
			defaultConfigurationIsVisible = 0;
			defaultConfigurationName = Release;
		};
		BB9C76B71BC4D07800F39587 /* Build configuration list for PBXNativeTarget "DUBI.FM" */ = {
			isa = XCConfigurationList;
			buildConfigurations = (
				BB9C76B81BC4D07800F39587 /* Debug */,
				BB9C76B91BC4D07800F39587 /* Release */,
			);
			defaultConfigurationIsVisible = 0;
			defaultConfigurationName = Release;
		};
/* End XCConfigurationList section */
	};
	rootObject = BB9C76871BC4D07700F39587 /* Project object */;
}
